
Microsoft Visual Studio Solution File, Format Version 12.00
# Visual Studio Version 17
VisualStudioVersion = 17.8.34330.188
MinimumVisualStudioVersion = 10.0.40219.1
Project("{FAE04EC0-301F-11D3-BF4B-00C04F79EFBC}") = "day3_ef", "day3_ef\day3_ef.csproj", "{295E3E17-8993-47D6-A183-71B73EC37CF7}"
EndProject
Global
	GlobalSection(SolutionConfigurationPlatforms) = preSolution
		Debug|Any CPU = Debug|Any CPU
		Release|Any CPU = Release|Any CPU
	EndGlobalSection
	GlobalSection(ProjectConfigurationPlatforms) = postSolution
		{295E3E17-8993-47D6-A183-71B73EC37CF7}.Debug|Any CPU.ActiveCfg = Debug|Any CPU
		{295E3E17-8993-47D6-A183-71B73EC37CF7}.Debug|Any CPU.Build.0 = Debug|Any CPU
		{295E3E17-8993-47D6-A183-71B73EC37CF7}.Release|Any CPU.ActiveCfg = Release|Any CPU
		{295E3E17-8993-47D6-A183-71B73EC37CF7}.Release|Any CPU.Build.0 = Release|Any CPU
	EndGlobalSection
	GlobalSection(SolutionProperties) = preSolution
		HideSolutionNode = FALSE
	EndGlobalSection
	GlobalSection(ExtensibilityGlobals) = postSolution
		SolutionGuid = {4E19F195-E323-43E0-9F4F-F1BCDA95595F}
	EndGlobalSection
EndGlobal
